// !$*UTF8*$!
{
	archiveVersion = 1;
	classes = {
	};
	objectVersion = 46;
	objects = {

/* Begin PBXBuildFile section */
		57D95F5120583E0300E33289 /* main.m in Sources */ = {isa = PBXBuildFile; fileRef = 57D95F5020583E0300E33289 /* main.m */; };
		57D95F5420583E0300E33289 /* AppDelegate.m in Sources */ = {isa = PBXBuildFile; fileRef = 57D95F5320583E0300E33289 /* AppDelegate.m */; };
		57D95F5720583E0300E33289 /* ViewController.m in Sources */ = {isa = PBXBuildFile; fileRef = 57D95F5620583E0300E33289 /* ViewController.m */; };
		57D95F5A20583E0300E33289 /* VueAccueil.storyboard in Resources */ = {isa = PBXBuildFile; fileRef = 57D95F5820583E0300E33289 /* VueAccueil.storyboard */; };
		57D95F5C20583E0300E33289 /* Assets.xcassets in Resources */ = {isa = PBXBuildFile; fileRef = 57D95F5B20583E0300E33289 /* Assets.xcassets */; };
		57D95F5F20583E0300E33289 /* LaunchScreen.storyboard in Resources */ = {isa = PBXBuildFile; fileRef = 57D95F5D20583E0300E33289 /* LaunchScreen.storyboard */; };
		57D95F6820583EB100E33289 /* UIKit.framework in Frameworks */ = {isa = PBXBuildFile; fileRef = 57D95F6720583EB100E33289 /* UIKit.framework */; };
		57D95F6A20583EB900E33289 /* Foundation.framework in Frameworks */ = {isa = PBXBuildFile; fileRef = 57D95F6920583EB900E33289 /* Foundation.framework */; };
		57D95F6C20583EBF00E33289 /* CoreGraphics.framework in Frameworks */ = {isa = PBXBuildFile; fileRef = 57D95F6B20583EBF00E33289 /* CoreGraphics.framework */; };
		57D95F6E2058409E00E33289 /* VuePilotage.storyboard in Resources */ = {isa = PBXBuildFile; fileRef = 57D95F6D2058409E00E33289 /* VuePilotage.storyboard */; };
		57D95F70205841BA00E33289 /* VueSimulator.storyboard in Resources */ = {isa = PBXBuildFile; fileRef = 57D95F6F205841BA00E33289 /* VueSimulator.storyboard */; };
/* End PBXBuildFile section */

/* Begin PBXFileReference section */
		57D95F4C20583E0300E33289 /* Vue1_Visualisation.app */ = {isa = PBXFileReference; explicitFileType = wrapper.application; includeInIndex = 0; path = Vue1_Visualisation.app; sourceTree = BUILT_PRODUCTS_DIR; };
		57D95F5020583E0300E33289 /* main.m */ = {isa = PBXFileReference; lastKnownFileType = sourcecode.c.objc; path = main.m; sourceTree = "<group>"; };
		57D95F5220583E0300E33289 /* AppDelegate.h */ = {isa = PBXFileReference; lastKnownFileType = sourcecode.c.h; path = AppDelegate.h; sourceTree = "<group>"; };
		57D95F5320583E0300E33289 /* AppDelegate.m */ = {isa = PBXFileReference; lastKnownFileType = sourcecode.c.objc; path = AppDelegate.m; sourceTree = "<group>"; };
		57D95F5520583E0300E33289 /* ViewController.h */ = {isa = PBXFileReference; lastKnownFileType = sourcecode.c.h; path = ViewController.h; sourceTree = "<group>"; };
		57D95F5620583E0300E33289 /* ViewController.m */ = {isa = PBXFileReference; lastKnownFileType = sourcecode.c.objc; path = ViewController.m; sourceTree = "<group>"; };
		57D95F5920583E0300E33289 /* Base */ = {isa = PBXFileReference; lastKnownFileType = file.storyboard; name = Base; path = Base.lproj/VueAccueil.storyboard; sourceTree = "<group>"; };
		57D95F5B20583E0300E33289 /* Assets.xcassets */ = {isa = PBXFileReference; lastKnownFileType = folder.assetcatalog; path = Assets.xcassets; sourceTree = "<group>"; };
		57D95F5E20583E0300E33289 /* Base */ = {isa = PBXFileReference; lastKnownFileType = file.storyboard; name = Base; path = Base.lproj/LaunchScreen.storyboard; sourceTree = "<group>"; };
		57D95F6020583E0300E33289 /* Info.plist */ = {isa = PBXFileReference; lastKnownFileType = text.plist.xml; path = Info.plist; sourceTree = "<group>"; };
		57D95F6720583EB100E33289 /* UIKit.framework */ = {isa = PBXFileReference; lastKnownFileType = wrapper.framework; name = UIKit.framework; path = System/Library/Frameworks/UIKit.framework; sourceTree = SDKROOT; };
		57D95F6920583EB900E33289 /* Foundation.framework */ = {isa = PBXFileReference; lastKnownFileType = wrapper.framework; name = Foundation.framework; path = System/Library/Frameworks/Foundation.framework; sourceTree = SDKROOT; };
		57D95F6B20583EBF00E33289 /* CoreGraphics.framework */ = {isa = PBXFileReference; lastKnownFileType = wrapper.framework; name = CoreGraphics.framework; path = System/Library/Frameworks/CoreGraphics.framework; sourceTree = SDKROOT; };
		57D95F6D2058409E00E33289 /* VuePilotage.storyboard */ = {isa = PBXFileReference; fileEncoding = 4; lastKnownFileType = file.storyboard; path = VuePilotage.storyboard; sourceTree = "<group>"; };
		57D95F6F205841BA00E33289 /* VueSimulator.storyboard */ = {isa = PBXFileReference; fileEncoding = 4; lastKnownFileType = file.storyboard; path = VueSimulator.storyboard; sourceTree = "<group>"; };
/* End PBXFileReference section */

/* Begin PBXFrameworksBuildPhase section */
		57D95F4920583E0300E33289 /* Frameworks */ = {
			isa = PBXFrameworksBuildPhase;
			buildActionMask = 2147483647;
			files = (
				57D95F6C20583EBF00E33289 /* CoreGraphics.framework in Frameworks */,
				57D95F6A20583EB900E33289 /* Foundation.framework in Frameworks */,
				57D95F6820583EB100E33289 /* UIKit.framework in Frameworks */,
			);
			runOnlyForDeploymentPostprocessing = 0;
		};
/* End PBXFrameworksBuildPhase section */

/* Begin PBXGroup section */
		57D95F4320583E0300E33289 = {
			isa = PBXGroup;
			children = (
				57D95F4E20583E0300E33289 /* Vue1_Visualisation */,
				57D95F4D20583E0300E33289 /* Products */,
				57D95F6620583EB100E33289 /* Frameworks */,
			);
			sourceTree = "<group>";
		};
		57D95F4D20583E0300E33289 /* Products */ = {
			isa = PBXGroup;
			children = (
				57D95F4C20583E0300E33289 /* Vue1_Visualisation.app */,
			);
			name = Products;
			sourceTree = "<group>";
		};
		57D95F4E20583E0300E33289 /* Vue1_Visualisation */ = {
			isa = PBXGroup;
			children = (
				57D95F5220583E0300E33289 /* AppDelegate.h */,
				57D95F5320583E0300E33289 /* AppDelegate.m */,
				57D95F5520583E0300E33289 /* ViewController.h */,
				57D95F5620583E0300E33289 /* ViewController.m */,
				57D95F5820583E0300E33289 /* VueAccueil.storyboard */,
				57D95F6D2058409E00E33289 /* VuePilotage.storyboard */,
				57D95F6F205841BA00E33289 /* VueSimulator.storyboard */,
				57D95F5B20583E0300E33289 /* Assets.xcassets */,
				57D95F5D20583E0300E33289 /* LaunchScreen.storyboard */,
				57D95F6020583E0300E33289 /* Info.plist */,
				57D95F4F20583E0300E33289 /* Supporting Files */,
			);
			path = Vue1_Visualisation;
			sourceTree = "<group>";
		};
		57D95F4F20583E0300E33289 /* Supporting Files */ = {
			isa = PBXGroup;
			children = (
				57D95F5020583E0300E33289 /* main.m */,
			);
			name = "Supporting Files";
			sourceTree = "<group>";
		};
		57D95F6620583EB100E33289 /* Frameworks */ = {
			isa = PBXGroup;
			children = (
				57D95F6B20583EBF00E33289 /* CoreGraphics.framework */,
				57D95F6920583EB900E33289 /* Foundation.framework */,
				57D95F6720583EB100E33289 /* UIKit.framework */,
			);
			name = Frameworks;
			sourceTree = "<group>";
		};
/* End PBXGroup section */

/* Begin PBXNativeTarget section */
		57D95F4B20583E0300E33289 /* Vue1_Visualisation */ = {
			isa = PBXNativeTarget;
			buildConfigurationList = 57D95F6320583E0300E33289 /* Build configuration list for PBXNativeTarget "Vue1_Visualisation" */;
			buildPhases = (
				57D95F4820583E0300E33289 /* Sources */,
				57D95F4920583E0300E33289 /* Frameworks */,
				57D95F4A20583E0300E33289 /* Resources */,
			);
			buildRules = (
			);
			dependencies = (
			);
			name = Vue1_Visualisation;
			productName = Vue1_Visualisation;
			productReference = 57D95F4C20583E0300E33289 /* Vue1_Visualisation.app */;
			productType = "com.apple.product-type.application";
		};
/* End PBXNativeTarget section */

/* Begin PBXProject section */
		57D95F4420583E0300E33289 /* Project object */ = {
			isa = PBXProject;
			attributes = {
				LastUpgradeCheck = 0830;
				ORGANIZATIONNAME = "Desman Jérôme";
				TargetAttributes = {
					57D95F4B20583E0300E33289 = {
						CreatedOnToolsVersion = 8.3.3;
						ProvisioningStyle = Automatic;
					};
				};
			};
			buildConfigurationList = 57D95F4720583E0300E33289 /* Build configuration list for PBXProject "Vue1_Visualisation" */;
			compatibilityVersion = "Xcode 3.2";
			developmentRegion = English;
			hasScannedForEncodings = 0;
			knownRegions = (
				en,
				Base,
			);
			mainGroup = 57D95F4320583E0300E33289;
			productRefGroup = 57D95F4D20583E0300E33289 /* Products */;
			projectDirPath = "";
			projectRoot = "";
			targets = (
				57D95F4B20583E0300E33289 /* Vue1_Visualisation */,
			);
		};
/* End PBXProject section */

/* Begin PBXResourcesBuildPhase section */
		57D95F4A20583E0300E33289 /* Resources */ = {
			isa = PBXResourcesBuildPhase;
			buildActionMask = 2147483647;
			files = (
				57D95F5F20583E0300E33289 /* LaunchScreen.storyboard in Resources */,
				57D95F70205841BA00E33289 /* VueSimulator.storyboard in Resources */,
				57D95F5C20583E0300E33289 /* Assets.xcassets in Resources */,
				57D95F6E2058409E00E33289 /* VuePilotage.storyboard in Resources */,
				57D95F5A20583E0300E33289 /* VueAccueil.storyboard in Resources */,
			);
			runOnlyForDeploymentPostprocessing = 0;
		};
/* End PBXResourcesBuildPhase section */

/* Begin PBXSourcesBuildPhase section */
		57D95F4820583E0300E33289 /* Sources */ = {
			isa = PBXSourcesBuildPhase;
			buildActionMask = 2147483647;
			files = (
				57D95F5720583E0300E33289 /* ViewController.m in Sources */,
				57D95F5420583E0300E33289 /* AppDelegate.m in Sources */,
				57D95F5120583E0300E33289 /* main.m in Sources */,
			);
			runOnlyForDeploymentPostprocessing = 0;
		};
/* End PBXSourcesBuildPhase section */

/* Begin PBXVariantGroup section */
		57D95F5820583E0300E33289 /* VueAccueil.storyboard */ = {
			isa = PBXVariantGroup;
			children = (
				57D95F5920583E0300E33289 /* Base */,
			);
			name = VueAccueil.storyboard;
			sourceTree = "<group>";
		};
		57D95F5D20583E0300E33289 /* LaunchScreen.storyboard */ = {
			isa = PBXVariantGroup;
			children = (
				57D95F5E20583E0300E33289 /* Base */,
			);
			name = LaunchScreen.storyboard;
			sourceTree = "<group>";
		};
/* End PBXVariantGroup section */

/* Begin XCBuildConfiguration section */
		57D95F6120583E0300E33289 /* Debug */ = {
			isa = XCBuildConfiguration;
			buildSettings = {
				ALWAYS_SEARCH_USER_PATHS = NO;
				CLANG_ANALYZER_NONNULL = YES;
				CLANG_ANALYZER_NUMBER_OBJECT_CONVERSION = YES_AGGRESSIVE;
				CLANG_CXX_LANGUAGE_STANDARD = "gnu++0x";
				CLANG_CXX_LIBRARY = "libc++";
				CLANG_ENABLE_MODULES = YES;
				CLANG_ENABLE_OBJC_ARC = YES;
				CLANG_WARN_BOOL_CONVERSION = YES;
				CLANG_WARN_CONSTANT_CONVERSION = YES;
				CLANG_WARN_DIRECT_OBJC_ISA_USAGE = YES_ERROR;
				CLANG_WARN_DOCUMENTATION_COMMENTS = YES;
				CLANG_WARN_EMPTY_BODY = YES;
				CLANG_WARN_ENUM_CONVERSION = YES;
				CLANG_WARN_INFINITE_RECURSION = YES;
				CLANG_WARN_INT_CONVERSION = YES;
				CLANG_WARN_OBJC_ROOT_CLASS = YES_ERROR;
				CLANG_WARN_SUSPICIOUS_MOVE = YES;
				CLANG_WARN_UNREACHABLE_CODE = YES;
				CLANG_WARN__DUPLICATE_METHOD_MATCH = YES;
				"CODE_SIGN_IDENTITY[sdk=iphoneos*]" = "iPhone Developer";
				COPY_PHASE_STRIP = NO;
				DEBUG_INFORMATION_FORMAT = dwarf;
				ENABLE_STRICT_OBJC_MSGSEND = YES;
				ENABLE_TESTABILITY = YES;
				GCC_C_LANGUAGE_STANDARD = gnu99;
				GCC_DYNAMIC_NO_PIC = NO;
				GCC_NO_COMMON_BLOCKS = YES;
				GCC_OPTIMIZATION_LEVEL = 0;
				GCC_PREPROCESSOR_DEFINITIONS = (
					"DEBUG=1",
					"$(inherited)",
				);
				GCC_WARN_64_TO_32_BIT_CONVERSION = YES;
				GCC_WARN_ABOUT_RETURN_TYPE = YES_ERROR;
				GCC_WARN_UNDECLARED_SELECTOR = YES;
				GCC_WARN_UNINITIALIZED_AUTOS = YES_AGGRESSIVE;
				GCC_WARN_UNUSED_FUNCTION = YES;
				GCC_WARN_UNUSED_VARIABLE = YES;
				IPHONEOS_DEPLOYMENT_TARGET = 10.3;
				MTL_ENABLE_DEBUG_INFO = YES;
				ONLY_ACTIVE_ARCH = YES;
				SDKROOT = iphoneos;
			};
			name = Debug;
		};
		57D95F6220583E0300E33289 /* Release */ = {
			isa = XCBuildConfiguration;
			buildSettings = {
				ALWAYS_SEARCH_USER_PATHS = NO;
				CLANG_ANALYZER_NONNULL = YES;
				CLANG_ANALYZER_NUMBER_OBJECT_CONVERSION = YES_AGGRESSIVE;
				CLANG_CXX_LANGUAGE_STANDARD = "gnu++0x";
				CLANG_CXX_LIBRARY = "libc++";
				CLANG_ENABLE_MODULES = YES;
				CLANG_ENABLE_OBJC_ARC = YES;
				CLANG_WARN_BOOL_CONVERSION = YES;
				CLANG_WARN_CONSTANT_CONVERSION = YES;
				CLANG_WARN_DIRECT_OBJC_ISA_USAGE = YES_ERROR;
				CLANG_WARN_DOCUMENTATION_COMMENTS = YES;
				CLANG_WARN_EMPTY_BODY = YES;
				CLANG_WARN_ENUM_CONVERSION = YES;
				CLANG_WARN_INFINITE_RECURSION = YES;
				CLANG_WARN_INT_CONVERSION = YES;
				CLANG_WARN_OBJC_ROOT_CLASS = YES_ERROR;
				CLANG_WARN_SUSPICIOUS_MOVE = YES;
				CLANG_WARN_UNREACHABLE_CODE = YES;
				CLANG_WARN__DUPLICATE_METHOD_MATCH = YES;
				"CODE_SIGN_IDENTITY[sdk=iphoneos*]" = "iPhone Developer";
				COPY_PHASE_STRIP = NO;
				DEBUG_INFORMATION_FORMAT = "dwarf-with-dsym";
				ENABLE_NS_ASSERTIONS = NO;
				ENABLE_STRICT_OBJC_MSGSEND = YES;
				GCC_C_LANGUAGE_STANDARD = gnu99;
				GCC_NO_COMMON_BLOCKS = YES;
				GCC_WARN_64_TO_32_BIT_CONVERSION = YES;
				GCC_WARN_ABOUT_RETURN_TYPE = YES_ERROR;
				GCC_WARN_UNDECLARED_SELECTOR = YES;
				GCC_WARN_UNINITIALIZED_AUTOS = YES_AGGRESSIVE;
				GCC_WARN_UNUSED_FUNCTION = YES;
				GCC_WARN_UNUSED_VARIABLE = YES;
				IPHONEOS_DEPLOYMENT_TARGET = 10.3;
				MTL_ENABLE_DEBUG_INFO = NO;
				SDKROOT = iphoneos;
				VALIDATE_PRODUCT = YES;
			};
			name = Release;
		};
		57D95F6420583E0300E33289 /* Debug */ = {
			isa = XCBuildConfiguration;
			buildSettings = {
				ASSETCATALOG_COMPILER_APPICON_NAME = AppIcon;
				INFOPLIST_FILE = Vue1_Visualisation/Info.plist;
				LD_RUNPATH_SEARCH_PATHS = "$(inherited) @executable_path/Frameworks";
				PRODUCT_BUNDLE_IDENTIFIER = "DesmanCompany.Vue1-Visualisation";
				PRODUCT_NAME = "$(TARGET_NAME)";
			};
			name = Debug;
		};
		57D95F6520583E0300E33289 /* Release */ = {
			isa = XCBuildConfiguration;
			buildSettings = {
				ASSETCATALOG_COMPILER_APPICON_NAME = AppIcon;
				INFOPLIST_FILE = Vue1_Visualisation/Info.plist;
				LD_RUNPATH_SEARCH_PATHS = "$(inherited) @executable_path/Frameworks";
				PRODUCT_BUNDLE_IDENTIFIER = "DesmanCompany.Vue1-Visualisation";
				PRODUCT_NAME = "$(TARGET_NAME)";
			};
			name = Release;
		};
/* End XCBuildConfiguration section */

/* Begin XCConfigurationList section */
		57D95F4720583E0300E33289 /* Build configuration list for PBXProject "Vue1_Visualisation" */ = {
			isa = XCConfigurationList;
			buildConfigurations = (
				57D95F6120583E0300E33289 /* Debug */,
				57D95F6220583E0300E33289 /* Release */,
			);
			defaultConfigurationIsVisible = 0;
			defaultConfigurationName = Release;
		};
		57D95F6320583E0300E33289 /* Build configuration list for PBXNativeTarget "Vue1_Visualisation" */ = {
			isa = XCConfigurationList;
			buildConfigurations = (
				57D95F6420583E0300E33289 /* Debug */,
				57D95F6520583E0300E33289 /* Release */,
			);
			defaultConfigurationIsVisible = 0;
		};
/* End XCConfigurationList section */
	};
	rootObject = 57D95F4420583E0300E33289 /* Project object */;
}
